{
  "version": "5",
  "redirects": {
    "https://esm.sh/@supabase/functions-js@^2.1.5?target=denonext": "https://esm.sh/@supabase/functions-js@2.96.0?target=denonext",
    "https://esm.sh/@supabase/gotrue-js@^2.60.0?target=denonext": "https://esm.sh/@supabase/gotrue-js@2.96.0?target=denonext",
    "https://esm.sh/@supabase/node-fetch@^2.6.14?target=denonext": "https://esm.sh/@supabase/node-fetch@2.6.15?target=denonext",
    "https://esm.sh/@supabase/postgrest-js@^1.9.0?target=denonext": "https://esm.sh/@supabase/postgrest-js@1.21.4?target=denonext",
    "https://esm.sh/@supabase/realtime-js@^2.9.3?target=denonext": "https://esm.sh/@supabase/realtime-js@2.96.0?target=denonext",
    "https://esm.sh/@supabase/storage-js@^2.5.4?target=denonext": "https://esm.sh/@supabase/storage-js@2.96.0?target=denonext",
    "https://esm.sh/iceberg-js@^0.8.1?target=denonext": "https://esm.sh/iceberg-js@0.8.1?target=denonext",
    "https://esm.sh/tr46@~0.0.3?target=denonext": "https://esm.sh/tr46@0.0.3?target=denonext",
    "https://esm.sh/webidl-conversions@^3.0.0?target=denonext": "https://esm.sh/webidl-conversions@3.0.1?target=denonext",
    "https://esm.sh/whatwg-url@^5.0.0?target=denonext": "https://esm.sh/whatwg-url@5.0.0?target=denonext"
  },
  "remote": {
    "https://deno.land/std@0.220.0/assert/_constants.ts": "a271e8ef5a573f1df8e822a6eb9d09df064ad66a4390f21b3e31f820a38e0975",
    "https://deno.land/std@0.220.0/assert/_diff.ts": "4bf42969aa8b1a33aaf23eb8e478b011bfaa31b82d85d2ff4b5c4662d8780d2b",
    "https://deno.land/std@0.220.0/assert/_format.ts": "0ba808961bf678437fb486b56405b6fefad2cf87b5809667c781ddee8c32aff4",
    "https://deno.land/std@0.220.0/assert/assert.ts": "bec068b2fccdd434c138a555b19a2c2393b71dfaada02b7d568a01541e67cdc5",
    "https://deno.land/std@0.220.0/assert/assert_almost_equals.ts": "8b96b7385cc117668b0720115eb6ee73d04c9bcb2f5d2344d674918c9113688f",
    "https://deno.land/std@0.220.0/assert/assert_array_includes.ts": "1688d76317fd45b7e93ef9e2765f112fdf2b7c9821016cdfb380b9445374aed1",
    "https://deno.land/std@0.220.0/assert/assert_equals.ts": "4497c56fe7d2993b0d447926702802fc0becb44e319079e8eca39b482ee01b4e",
    "https://deno.land/std@0.220.0/assert/assert_exists.ts": "24a7bf965e634f909242cd09fbaf38bde6b791128ece08e33ab08586a7cc55c9",
    "https://deno.land/std@0.220.0/assert/assert_false.ts": "6f382568e5128c0f855e5f7dbda8624c1ed9af4fcc33ef4a9afeeedcdce99769",
    "https://deno.land/std@0.220.0/assert/assert_greater.ts": "4945cf5729f1a38874d7e589e0fe5cc5cd5abe5573ca2ddca9d3791aa891856c",
    "https://deno.land/std@0.220.0/assert/assert_greater_or_equal.ts": "573ed8823283b8d94b7443eb69a849a3c369a8eb9666b2d1db50c33763a5d219",
    "https://deno.land/std@0.220.0/assert/assert_instance_of.ts": "72dc1faff1e248692d873c89382fa1579dd7b53b56d52f37f9874a75b11ba444",
    "https://deno.land/std@0.220.0/assert/assert_is_error.ts": "6596f2b5ba89ba2fe9b074f75e9318cda97a2381e59d476812e30077fbdb6ed2",
    "https://deno.land/std@0.220.0/assert/assert_less.ts": "2b4b3fe7910f65f7be52212f19c3977ecb8ba5b2d6d0a296c83cde42920bb005",
    "https://deno.land/std@0.220.0/assert/assert_less_or_equal.ts": "b93d212fe669fbde959e35b3437ac9a4468f2e6b77377e7b6ea2cfdd825d38a0",
    "https://deno.land/std@0.220.0/assert/assert_match.ts": "ec2d9680ed3e7b9746ec57ec923a17eef6d476202f339ad91d22277d7f1d16e1",
    "https://deno.land/std@0.220.0/assert/assert_not_equals.ts": "ac86413ab70ffb14fdfc41740ba579a983fe355ba0ce4a9ab685e6b8e7f6a250",
    "https://deno.land/std@0.220.0/assert/assert_not_instance_of.ts": "8f720d92d83775c40b2542a8d76c60c2d4aeddaf8713c8d11df8984af2604931",
    "https://deno.land/std@0.220.0/assert/assert_not_match.ts": "b4b7c77f146963e2b673c1ce4846473703409eb93f5ab0eb60f6e6f8aeffe39f",
    "https://deno.land/std@0.220.0/assert/assert_not_strict_equals.ts": "da0b8ab60a45d5a9371088378e5313f624799470c3b54c76e8b8abeec40a77be",
    "https://deno.land/std@0.220.0/assert/assert_object_match.ts": "e85e5eef62a56ce364c3afdd27978ccab979288a3e772e6855c270a7b118fa49",
    "https://deno.land/std@0.220.0/assert/assert_rejects.ts": "5206ac37d883797d9504e3915a0c7b692df6efcdefff3889cc14bb5a325641dd",
    "https://deno.land/std@0.220.0/assert/assert_strict_equals.ts": "0425a98f70badccb151644c902384c12771a93e65f8ff610244b8147b03a2366",
    "https://deno.land/std@0.220.0/assert/assert_string_includes.ts": "dfb072a890167146f8e5bdd6fde887ce4657098e9f71f12716ef37f35fb6f4a7",
    "https://deno.land/std@0.220.0/assert/assert_throws.ts": "31f3c061338aec2c2c33731973d58ccd4f14e42f355501541409ee958d2eb8e5",
    "https://deno.land/std@0.220.0/assert/assertion_error.ts": "9f689a101ee586c4ce92f52fa7ddd362e86434ffdf1f848e45987dc7689976b8",
    "https://deno.land/std@0.220.0/assert/equal.ts": "fae5e8a52a11d3ac694bbe1a53e13a7969e3f60791262312e91a3e741ae519e2",
    "https://deno.land/std@0.220.0/assert/fail.ts": "f310e51992bac8e54f5fd8e44d098638434b2edb802383690e0d7a9be1979f1c",
    "https://deno.land/std@0.220.0/assert/mod.ts": "7e41449e77a31fef91534379716971bebcfc12686e143d38ada5438e04d4a90e",
    "https://deno.land/std@0.220.0/assert/unimplemented.ts": "47ca67d1c6dc53abd0bd729b71a31e0825fc452dbcd4fde4ca06789d5644e7fd",
    "https://deno.land/std@0.220.0/assert/unreachable.ts": "3670816a4ab3214349acb6730e3e6f5299021234657eefe05b48092f3848c270",
    "https://deno.land/std@0.220.0/fmt/colors.ts": "d239d84620b921ea520125d778947881f62c50e78deef2657073840b8af9559a",
    "https://esm.sh/@supabase/functions-js@2.96.0/denonext/functions-js.mjs": "5323f4fbc0127e5855d6456046b6437d0a04fc211b9614e374107dacddb07a87",
    "https://esm.sh/@supabase/functions-js@2.96.0?target=denonext": "64569b3837d8c9f0fb93d445680e796af4e683c1ba20e94232e408583cfb7e98",
    "https://esm.sh/@supabase/gotrue-js@2.96.0/denonext/gotrue-js.mjs": "e52286ff7f885e508aaa0dcb833fe28df8d2d123d528c0df2ec1b3de2f3f699f",
    "https://esm.sh/@supabase/gotrue-js@2.96.0?target=denonext": "537984b57b0215b13c47ce64c9b2ef72c12c39c36857e377d6096c97df3d10a1",
    "https://esm.sh/@supabase/node-fetch@2.6.15/denonext/node-fetch.mjs": "0bae9052231f4f6dbccc7234d05ea96923dbf967be12f402764580b6bf9f713d",
    "https://esm.sh/@supabase/node-fetch@2.6.15?target=denonext": "4d28c4ad97328403184353f68434f2b6973971507919e9150297413664919cf3",
    "https://esm.sh/@supabase/postgrest-js@1.21.4/denonext/postgrest-js.mjs": "c3769b11ef02debc78ecf6ab4e152d3cf7dbd05bbbafeb72c160e76cc57cda3c",
    "https://esm.sh/@supabase/postgrest-js@1.21.4?target=denonext": "db2315bc0ff19690cd4239c5adb5f5787f5dea04955058ef1fca541d49555ed6",
    "https://esm.sh/@supabase/realtime-js@2.96.0/denonext/realtime-js.mjs": "d0c5ff2e45fc6e2e6059b5d9deb3552509cd1bc6478362554d87254156b3e10c",
    "https://esm.sh/@supabase/realtime-js@2.96.0?target=denonext": "ba9d9506f8991f5d3068ec7222ea87a031e5324330cf60a5c157691b4a3c51b9",
    "https://esm.sh/@supabase/storage-js@2.96.0/denonext/storage-js.mjs": "3cfd15a8d4c806a5e2eb511630a2bbdd66ca736b552788bd0feb1644d18fdfe7",
    "https://esm.sh/@supabase/storage-js@2.96.0?target=denonext": "5a11bea60b5512f53727d7ab29c180057b499d84d90da5f8fce63dc23fdedc67",
    "https://esm.sh/@supabase/supabase-js@2.39.3": "832d7714491bd1c8a9008a332b35cb099f24b451ad79e755ecf4d71985fd6610",
    "https://esm.sh/@supabase/supabase-js@2.39.3/denonext/supabase-js.mjs": "054f4cd1560fa814cdc10d06c0809b00d0817dc06a072fa983e4c023e4346439",
    "https://esm.sh/iceberg-js@0.8.1/denonext/iceberg-js.mjs": "d839d81a2e3966500ca2cdd0c1cb458e9608bacfc91f7bb67a69b2e878dcdb4f",
    "https://esm.sh/iceberg-js@0.8.1?target=denonext": "58c849d7fe2bf4eca4a84eb501e83c161a7d8c34ca1bec15a962b3bec3062633",
    "https://esm.sh/tr46@0.0.3/denonext/tr46.mjs": "5753ec0a99414f4055f0c1f97691100f13d88e48a8443b00aebb90a512785fa2",
    "https://esm.sh/tr46@0.0.3?target=denonext": "19cb9be0f0d418a0c3abb81f2df31f080e9540a04e43b0f699bce1149cba0cbb",
    "https://esm.sh/tslib@2.8.1/denonext/tslib.mjs": "c38da5dd6da6281964435002ce204cd586634fe3bdfb24a0ee116f48cf3292e9",
    "https://esm.sh/webidl-conversions@3.0.1/denonext/webidl-conversions.mjs": "238cd0743827707cbc1c2d7c2cf1027dbc536fb53ec9a3fde0ff8026a3ac5385",
    "https://esm.sh/webidl-conversions@3.0.1?target=denonext": "4e20318d50528084616c79d7b3f6e7f0fe7b6d09013bd01b3974d7448d767e29",
    "https://esm.sh/whatwg-url@5.0.0/denonext/whatwg-url.mjs": "29b16d74ee72624c915745bbd25b617cfd2248c6af0f5120d131e232a9a9af79",
    "https://esm.sh/whatwg-url@5.0.0?target=denonext": "f001a2cadf81312d214ca330033f474e74d81a003e21e8c5d70a1f46dc97b02d"
  },
  "workspace": {
    "packageJson": {
      "dependencies": [
        "npm:@supabase/supabase-js@^2.46.0",
        "npm:@sveltejs/vite-plugin-svelte@4",
        "npm:@types/node@22",
        "npm:@vitejs/plugin-basic-ssl@^1.1.0",
        "npm:eslint-plugin-svelte@^2.46.0",
        "npm:eslint@9",
        "npm:glob@11",
        "npm:globals@15",
        "npm:jose@^5.9.0",
        "npm:prettier-plugin-svelte@^3.3.0",
        "npm:prettier@^3.4.0",
        "npm:svelte-check@4",
        "npm:svelte@5",
        "npm:typescript-eslint@8",
        "npm:typescript@^5.6.0",
        "npm:vite@6",
        "npm:vitest@^4.0.18"
      ]
    }
  }
}
